
Microsoft Visual Studio Solution File, Format Version 12.00
# Visual Studio Version 16
VisualStudioVersion = 16.0.30907.101
MinimumVisualStudioVersion = 10.0.40219.1
Project("{FAE04EC0-301F-11D3-BF4B-00C04F79EFBC}") = "AllCashUFormsApp", "AllCashUFormsApp\AllCashUFormsApp.csproj", "{3623CCB4-29F7-40FF-B037-F57B6DB05049}"
EndProject
Project("{F14B399A-7131-4C87-9E4B-1186C45EF12D}") = "Report Project", "Report Project\Report Project.rptproj", "{3982477B-C0F1-47A9-A591-6238CC5C7511}"
EndProject
Project("{FAE04EC0-301F-11D3-BF4B-00C04F79EFBC}") = "UpdateU-ForceApp", "UpdateU-ForceApp\UpdateU-ForceApp.csproj", "{E3BE1466-BCCA-496E-91F1-60159A56B51B}"
EndProject
Project("{54435603-DBB4-11D2-8724-00A0C9A8B90C}") = "U-Force", "U-Force\U-Force.vdproj", "{FCB22520-6CE6-4F38-9086-04FBF18C5E70}"
EndProject
Global
	GlobalSection(SolutionConfigurationPlatforms) = preSolution
		Debug|Any CPU = Debug|Any CPU
		Debug|x64 = Debug|x64
		Debug|x86 = Debug|x86
		DebugLocal|Any CPU = DebugLocal|Any CPU
		DebugLocal|x64 = DebugLocal|x64
		DebugLocal|x86 = DebugLocal|x86
		Release|Any CPU = Release|Any CPU
		Release|x64 = Release|x64
		Release|x86 = Release|x86
	EndGlobalSection
	GlobalSection(ProjectConfigurationPlatforms) = postSolution
		{3623CCB4-29F7-40FF-B037-F57B6DB05049}.Debug|Any CPU.ActiveCfg = Debug|Any CPU
		{3623CCB4-29F7-40FF-B037-F57B6DB05049}.Debug|Any CPU.Build.0 = Debug|Any CPU
		{3623CCB4-29F7-40FF-B037-F57B6DB05049}.Debug|x64.ActiveCfg = Debug|Any CPU
		{3623CCB4-29F7-40FF-B037-F57B6DB05049}.Debug|x64.Build.0 = Debug|Any CPU
		{3623CCB4-29F7-40FF-B037-F57B6DB05049}.Debug|x86.ActiveCfg = Debug|Any CPU
		{3623CCB4-29F7-40FF-B037-F57B6DB05049}.Debug|x86.Build.0 = Debug|Any CPU
		{3623CCB4-29F7-40FF-B037-F57B6DB05049}.DebugLocal|Any CPU.ActiveCfg = Debug|Any CPU
		{3623CCB4-29F7-40FF-B037-F57B6DB05049}.DebugLocal|Any CPU.Build.0 = Debug|Any CPU
		{3623CCB4-29F7-40FF-B037-F57B6DB05049}.DebugLocal|x64.ActiveCfg = Debug|x64
		{3623CCB4-29F7-40FF-B037-F57B6DB05049}.DebugLocal|x64.Build.0 = Debug|x64
		{3623CCB4-29F7-40FF-B037-F57B6DB05049}.DebugLocal|x86.ActiveCfg = Debug|x86
		{3623CCB4-29F7-40FF-B037-F57B6DB05049}.DebugLocal|x86.Build.0 = Debug|x86
		{3623CCB4-29F7-40FF-B037-F57B6DB05049}.Release|Any CPU.ActiveCfg = Debug|Any CPU
		{3623CCB4-29F7-40FF-B037-F57B6DB05049}.Release|Any CPU.Build.0 = Debug|Any CPU
		{3623CCB4-29F7-40FF-B037-F57B6DB05049}.Release|x64.ActiveCfg = Release|x64
		{3623CCB4-29F7-40FF-B037-F57B6DB05049}.Release|x64.Build.0 = Release|x64
		{3623CCB4-29F7-40FF-B037-F57B6DB05049}.Release|x86.ActiveCfg = Release|x86
		{3623CCB4-29F7-40FF-B037-F57B6DB05049}.Release|x86.Build.0 = Release|x86
		{3982477B-C0F1-47A9-A591-6238CC5C7511}.Debug|Any CPU.ActiveCfg = Debug
		{3982477B-C0F1-47A9-A591-6238CC5C7511}.Debug|Any CPU.Build.0 = Debug
		{3982477B-C0F1-47A9-A591-6238CC5C7511}.Debug|Any CPU.Deploy.0 = Debug
		{3982477B-C0F1-47A9-A591-6238CC5C7511}.Debug|x64.ActiveCfg = Debug
		{3982477B-C0F1-47A9-A591-6238CC5C7511}.Debug|x64.Build.0 = Debug
		{3982477B-C0F1-47A9-A591-6238CC5C7511}.Debug|x64.Deploy.0 = Debug
		{3982477B-C0F1-47A9-A591-6238CC5C7511}.Debug|x86.ActiveCfg = Debug
		{3982477B-C0F1-47A9-A591-6238CC5C7511}.Debug|x86.Build.0 = Debug
		{3982477B-C0F1-47A9-A591-6238CC5C7511}.Debug|x86.Deploy.0 = Debug
		{3982477B-C0F1-47A9-A591-6238CC5C7511}.DebugLocal|Any CPU.ActiveCfg = DebugLocal
		{3982477B-C0F1-47A9-A591-6238CC5C7511}.DebugLocal|Any CPU.Build.0 = DebugLocal
		{3982477B-C0F1-47A9-A591-6238CC5C7511}.DebugLocal|x64.ActiveCfg = DebugLocal
		{3982477B-C0F1-47A9-A591-6238CC5C7511}.DebugLocal|x64.Build.0 = DebugLocal
		{3982477B-C0F1-47A9-A591-6238CC5C7511}.DebugLocal|x64.Deploy.0 = DebugLocal
		{3982477B-C0F1-47A9-A591-6238CC5C7511}.DebugLocal|x86.ActiveCfg = DebugLocal
		{3982477B-C0F1-47A9-A591-6238CC5C7511}.DebugLocal|x86.Build.0 = DebugLocal
		{3982477B-C0F1-47A9-A591-6238CC5C7511}.DebugLocal|x86.Deploy.0 = DebugLocal
		{3982477B-C0F1-47A9-A591-6238CC5C7511}.Release|Any CPU.ActiveCfg = Release
		{3982477B-C0F1-47A9-A591-6238CC5C7511}.Release|Any CPU.Build.0 = Release
		{3982477B-C0F1-47A9-A591-6238CC5C7511}.Release|Any CPU.Deploy.0 = Release
		{3982477B-C0F1-47A9-A591-6238CC5C7511}.Release|x64.ActiveCfg = Release
		{3982477B-C0F1-47A9-A591-6238CC5C7511}.Release|x64.Build.0 = Release
		{3982477B-C0F1-47A9-A591-6238CC5C7511}.Release|x64.Deploy.0 = Release
		{3982477B-C0F1-47A9-A591-6238CC5C7511}.Release|x86.ActiveCfg = Release
		{3982477B-C0F1-47A9-A591-6238CC5C7511}.Release|x86.Build.0 = Release
		{3982477B-C0F1-47A9-A591-6238CC5C7511}.Release|x86.Deploy.0 = Release
		{E3BE1466-BCCA-496E-91F1-60159A56B51B}.Debug|Any CPU.ActiveCfg = Debug|Any CPU
		{E3BE1466-BCCA-496E-91F1-60159A56B51B}.Debug|Any CPU.Build.0 = Debug|Any CPU
		{E3BE1466-BCCA-496E-91F1-60159A56B51B}.Debug|x64.ActiveCfg = Debug|Any CPU
		{E3BE1466-BCCA-496E-91F1-60159A56B51B}.Debug|x64.Build.0 = Debug|Any CPU
		{E3BE1466-BCCA-496E-91F1-60159A56B51B}.Debug|x86.ActiveCfg = Debug|Any CPU
		{E3BE1466-BCCA-496E-91F1-60159A56B51B}.Debug|x86.Build.0 = Debug|Any CPU
		{E3BE1466-BCCA-496E-91F1-60159A56B51B}.DebugLocal|Any CPU.ActiveCfg = Debug|Any CPU
		{E3BE1466-BCCA-496E-91F1-60159A56B51B}.DebugLocal|Any CPU.Build.0 = Debug|Any CPU
		{E3BE1466-BCCA-496E-91F1-60159A56B51B}.DebugLocal|x64.ActiveCfg = Debug|Any CPU
		{E3BE1466-BCCA-496E-91F1-60159A56B51B}.DebugLocal|x64.Build.0 = Debug|Any CPU
		{E3BE1466-BCCA-496E-91F1-60159A56B51B}.DebugLocal|x86.ActiveCfg = Debug|Any CPU
		{E3BE1466-BCCA-496E-91F1-60159A56B51B}.DebugLocal|x86.Build.0 = Debug|Any CPU
		{E3BE1466-BCCA-496E-91F1-60159A56B51B}.Release|Any CPU.ActiveCfg = Release|Any CPU
		{E3BE1466-BCCA-496E-91F1-60159A56B51B}.Release|Any CPU.Build.0 = Release|Any CPU
		{E3BE1466-BCCA-496E-91F1-60159A56B51B}.Release|x64.ActiveCfg = Release|Any CPU
		{E3BE1466-BCCA-496E-91F1-60159A56B51B}.Release|x64.Build.0 = Release|Any CPU
		{E3BE1466-BCCA-496E-91F1-60159A56B51B}.Release|x86.ActiveCfg = Release|Any CPU
		{E3BE1466-BCCA-496E-91F1-60159A56B51B}.Release|x86.Build.0 = Release|Any CPU
		{FCB22520-6CE6-4F38-9086-04FBF18C5E70}.Debug|Any CPU.ActiveCfg = Debug
		{FCB22520-6CE6-4F38-9086-04FBF18C5E70}.Debug|x64.ActiveCfg = Debug
		{FCB22520-6CE6-4F38-9086-04FBF18C5E70}.Debug|x86.ActiveCfg = Debug
		{FCB22520-6CE6-4F38-9086-04FBF18C5E70}.DebugLocal|Any CPU.ActiveCfg = Debug
		{FCB22520-6CE6-4F38-9086-04FBF18C5E70}.DebugLocal|x64.ActiveCfg = Debug
		{FCB22520-6CE6-4F38-9086-04FBF18C5E70}.DebugLocal|x86.ActiveCfg = Debug
		{FCB22520-6CE6-4F38-9086-04FBF18C5E70}.Release|Any CPU.ActiveCfg = Release
		{FCB22520-6CE6-4F38-9086-04FBF18C5E70}.Release|x64.ActiveCfg = Release
		{FCB22520-6CE6-4F38-9086-04FBF18C5E70}.Release|x86.ActiveCfg = Release
	EndGlobalSection
	GlobalSection(SolutionProperties) = preSolution
		HideSolutionNode = FALSE
	EndGlobalSection
	GlobalSection(ExtensibilityGlobals) = postSolution
		SolutionGuid = {41DF10C3-AFB4-4398-A91D-70FE29994978}
	EndGlobalSection
EndGlobal
